{
  "name": "dossier-builder",
  "version": "1.0.0",
  "lockfileVersion": 1,
  "requires": true,
  "dependencies": {
    "updater": {
      "version": "git+http://github.com/privatesky/updater#6d9736835e1833591024e786fbb97c50f2c86123",
      "from": "git+http://github.com/privatesky/updater"
    }
  }
}
